
Microsoft Visual Studio Solution File, Format Version 12.00
# Visual Studio Version 17
VisualStudioVersion = 17.8.34525.116
MinimumVisualStudioVersion = 10.0.40219.1
Project("{FAE04EC0-301F-11D3-BF4B-00C04F79EFBC}") = "ReactBlogDataAPI", "ReactBlogDataAPI.csproj", "{822776AD-EEB9-4CAD-9941-4D056099989B}"
EndProject
Global
	GlobalSection(SolutionConfigurationPlatforms) = preSolution
		Debug|Any CPU = Debug|Any CPU
		Release|Any CPU = Release|Any CPU
	EndGlobalSection
	GlobalSection(ProjectConfigurationPlatforms) = postSolution
		{822776AD-EEB9-4CAD-9941-4D056099989B}.Debug|Any CPU.ActiveCfg = Debug|Any CPU
		{822776AD-EEB9-4CAD-9941-4D056099989B}.Debug|Any CPU.Build.0 = Debug|Any CPU
		{822776AD-EEB9-4CAD-9941-4D056099989B}.Release|Any CPU.ActiveCfg = Release|Any CPU
		{822776AD-EEB9-4CAD-9941-4D056099989B}.Release|Any CPU.Build.0 = Release|Any CPU
	EndGlobalSection
	GlobalSection(SolutionProperties) = preSolution
		HideSolutionNode = FALSE
	EndGlobalSection
	GlobalSection(ExtensibilityGlobals) = postSolution
		SolutionGuid = {9B9C8889-A198-4420-89D9-DAC2B76FA215}
	EndGlobalSection
EndGlobal
